
Microsoft Visual Studio Solution File, Format Version 12.00
# Visual Studio Version 17
VisualStudioVersion = 17.14.36429.23 d17.14
MinimumVisualStudioVersion = 10.0.40219.1
Project("{FAE04EC0-301F-11D3-BF4B-00C04F79EFBC}") = "ConsoleApp1", "ConsoleApp1\ConsoleApp1.csproj", "{D1DAE2F6-38F8-4197-A0C8-2206B8BF901F}"
EndProject
Global
	GlobalSection(SolutionConfigurationPlatforms) = preSolution
		Debug|Any CPU = Debug|Any CPU
		Release|Any CPU = Release|Any CPU
	EndGlobalSection
	GlobalSection(ProjectConfigurationPlatforms) = postSolution
		{D1DAE2F6-38F8-4197-A0C8-2206B8BF901F}.Debug|Any CPU.ActiveCfg = Debug|Any CPU
		{D1DAE2F6-38F8-4197-A0C8-2206B8BF901F}.Debug|Any CPU.Build.0 = Debug|Any CPU
		{D1DAE2F6-38F8-4197-A0C8-2206B8BF901F}.Release|Any CPU.ActiveCfg = Release|Any CPU
		{D1DAE2F6-38F8-4197-A0C8-2206B8BF901F}.Release|Any CPU.Build.0 = Release|Any CPU
	EndGlobalSection
	GlobalSection(SolutionProperties) = preSolution
		HideSolutionNode = FALSE
	EndGlobalSection
	GlobalSection(ExtensibilityGlobals) = postSolution
		SolutionGuid = {34AFED7A-7E9B-4CE9-87EC-8BF03AB3016F}
	EndGlobalSection
EndGlobal
